<Solution>
  <Folder Name="/src/" />
  <Folder Name="/src/Services/" />
  <Folder Name="/src/Services/AuthService/">
    <Project Path="src/Services/AuthService/AuthService.Application/AuthService.Application.csproj" />
    <Project Path="src/Services/AuthService/AuthService.Domain/AuthService.Domain.csproj" />
    <Project Path="src/Services/AuthService/AuthService.Infrastructure/AuthService.Infrastructure.csproj" />
    <Project Path="src/Services/AuthService/AuthService.WebApi/AuthService.WebApi.csproj" />
  </Folder>
  <Folder Name="/src/Services/MenuService/">
    <Project Path="src/Services/MenuService/MenuService.Application/MenuService.Application.csproj" />
    <Project Path="src/Services/MenuService/MenuService.Domain/MenuService.Domain.csproj" />
    <Project Path="src/Services/MenuService/MenuService.Infrastructure/MenuService.Infrastructure.csproj" />
    <Project Path="src/Services/MenuService/MenuService.WebApi/MenuService.WebApi.csproj" />
  </Folder>
  <Folder Name="/src/Services/OrderService/">
    <Project Path="src/Services/OrderService/OrderService.Application/OrderService.Application.csproj" />
    <Project Path="src/Services/OrderService/OrderService.Domain/OrderService.Domain.csproj" />
    <Project Path="src/Services/OrderService/OrderService.Infrastructure/OrderService.Infrastructure.csproj" />
    <Project Path="src/Services/OrderService/OrderService.WebApi/OrderService.WebApi.csproj" />
  </Folder>
  <Folder Name="/src/Services/SeatingService/">
    <Project Path="src/Services/SeatingService/SeatingService.Application/SeatingService.Application.csproj" />
    <Project Path="src/Services/SeatingService/SeatingService.Domain/SeatingService.Domain.csproj" />
    <Project Path="src/Services/SeatingService/SeatingService.Infrastructure/SeatingService.Infrastructure.csproj" />
    <Project Path="src/Services/SeatingService/SeatingService.WebApi/SeatingService.WebApi.csproj" />
  </Folder>
</Solution>
